{
  "name": "http_test",
  "version": "1.0.0",
  "lockfileVersion": 3,
  "requires": true,
  "packages": {
    "": {
      "name": "http_test",
      "version": "1.0.0",
      "license": "ISC",
      "dependencies": {
        "@datatower-ai/sdk-core-nodejs": "^1.0.0-SNAPSHOT.1"
      }
    },
    "../../../../Downloads/built-artifacts/darwin-x64": {
      "name": "@datatower-ai/sdk-core-nodejs-darwin-x64",
      "version": "1.0.0-alpha.4",
      "cpu": [
        "x64"
      ],
      "extraneous": true,
      "license": "MIT",
      "os": [
        "darwin"
      ],
      "engines": {
        "node": ">= 10"
      }
    },
    "built-artifacts/darwin-x64": {
      "name": "@datatower-ai/sdk-core-nodejs-darwin-x64",
      "version": "1.0.0-alpha.4",
      "cpu": [
        "x64"
      ],
      "extraneous": true,
      "license": "MIT",
      "os": [
        "darwin"
      ],
      "engines": {
        "node": ">= 10"
      }
    },
    "node_modules/@datatower-ai/sdk-core-nodejs": {
      "version": "1.0.0-SNAPSHOT.1",
      "resolved": "https://registry.npmjs.org/@datatower-ai/sdk-core-nodejs/-/sdk-core-nodejs-1.0.0-SNAPSHOT.1.tgz",
      "integrity": "sha512-5mH14xUVBXX9zIVvEwR9JOxXpQOom7yvIrgJpR1ab1YY5rgV4FmiM8WsamsjlVB4KO0/9AkUyvYOoU/Qjkze0Q==",
      "engines": {
        "node": ">= 10"
      },
      "optionalDependencies": {
        "@datatower-ai/sdk-core-nodejs-darwin-arm64": "1.0.0-SNAPSHOT.1",
        "@datatower-ai/sdk-core-nodejs-darwin-x64": "1.0.0-SNAPSHOT.1",
        "@datatower-ai/sdk-core-nodejs-linux-arm64-gnu": "1.0.0-SNAPSHOT.1",
        "@datatower-ai/sdk-core-nodejs-linux-x64-gnu": "1.0.0-SNAPSHOT.1",
        "@datatower-ai/sdk-core-nodejs-win32-arm64-msvc": "1.0.0-SNAPSHOT.1",
        "@datatower-ai/sdk-core-nodejs-win32-x64-msvc": "1.0.0-SNAPSHOT.1"
      }
    },
    "node_modules/@datatower-ai/sdk-core-nodejs-darwin-arm64": {
      "version": "1.0.0-SNAPSHOT.1",
      "resolved": "https://registry.npmjs.org/@datatower-ai/sdk-core-nodejs-darwin-arm64/-/sdk-core-nodejs-darwin-arm64-1.0.0-SNAPSHOT.1.tgz",
      "integrity": "sha512-apcOuxuuBFOPEV0QYnCBOnHHi+OoGMlKMia3KuAjmyOpNvzIpnkrCFCNtolPTfPGluM70/wpvtCI9vIDFJjAfw==",
      "cpu": [
        "arm64"
      ],
      "optional": true,
      "os": [
        "darwin"
      ],
      "engines": {
        "node": ">= 10"
      }
    },
    "node_modules/@datatower-ai/sdk-core-nodejs-darwin-x64": {
      "version": "1.0.0-SNAPSHOT.1",
      "resolved": "https://registry.npmjs.org/@datatower-ai/sdk-core-nodejs-darwin-x64/-/sdk-core-nodejs-darwin-x64-1.0.0-SNAPSHOT.1.tgz",
      "integrity": "sha512-3ej0NE2G/vIcB7p2+HyeGlQzT1KOtCwZvX0HC63tyJdZYRHQbEl3Dk+IQOVWZ2axD419pk+8uo8l+XWKsaSPIg==",
      "cpu": [
        "x64"
      ],
      "optional": true,
      "os": [
        "darwin"
      ],
      "engines": {
        "node": ">= 10"
      }
    },
    "node_modules/@datatower-ai/sdk-core-nodejs-linux-arm64-gnu": {
      "version": "1.0.0-SNAPSHOT.1",
      "resolved": "https://registry.npmjs.org/@datatower-ai/sdk-core-nodejs-linux-arm64-gnu/-/sdk-core-nodejs-linux-arm64-gnu-1.0.0-SNAPSHOT.1.tgz",
      "integrity": "sha512-p9QU7Wfbh+dgLeh3rc0l0VhCYPPfiLNSLPEXapv7i2kKQvNo4FCQAaM/Bq47L1ViXw3hU1OPF3GpkB0c0MHtsw==",
      "cpu": [
        "arm64"
      ],
      "optional": true,
      "os": [
        "linux"
      ],
      "engines": {
        "node": ">= 10"
      }
    },
    "node_modules/@datatower-ai/sdk-core-nodejs-linux-x64-gnu": {
      "version": "1.0.0-SNAPSHOT.1",
      "resolved": "https://registry.npmjs.org/@datatower-ai/sdk-core-nodejs-linux-x64-gnu/-/sdk-core-nodejs-linux-x64-gnu-1.0.0-SNAPSHOT.1.tgz",
      "integrity": "sha512-xww00HDBtwJ1f1MsHpL9zN56RWheteQ5+V/bUs8NG1ZnsDEuWTgxnz0AYjnSKUx+T0bcyA0DK2vok/4UXz5IjA==",
      "cpu": [
        "x64"
      ],
      "optional": true,
      "os": [
        "linux"
      ],
      "engines": {
        "node": ">= 10"
      }
    },
    "node_modules/@datatower-ai/sdk-core-nodejs-win32-arm64-msvc": {
      "version": "1.0.0-SNAPSHOT.1",
      "resolved": "https://registry.npmjs.org/@datatower-ai/sdk-core-nodejs-win32-arm64-msvc/-/sdk-core-nodejs-win32-arm64-msvc-1.0.0-SNAPSHOT.1.tgz",
      "integrity": "sha512-UKXQgUfYdfoX0ISwj7AdtKi9RYemBTPII018+7n0R93AgztdxvpctHaWdphLc6om9aRhEoQ2bnYaOv4j5PrGSA==",
      "cpu": [
        "arm64"
      ],
      "optional": true,
      "os": [
        "win32"
      ],
      "engines": {
        "node": ">= 10"
      }
    },
    "node_modules/@datatower-ai/sdk-core-nodejs-win32-x64-msvc": {
      "version": "1.0.0-SNAPSHOT.1",
      "resolved": "https://registry.npmjs.org/@datatower-ai/sdk-core-nodejs-win32-x64-msvc/-/sdk-core-nodejs-win32-x64-msvc-1.0.0-SNAPSHOT.1.tgz",
      "integrity": "sha512-4B7bNSU1temV1lhd4FU/tiRNNI31roaFiFYFq1tj0k3INBjLy2asryrzBc+CX53i52PAQxDgwbn7MMumD+Ri8g==",
      "cpu": [
        "x64"
      ],
      "optional": true,
      "os": [
        "win32"
      ],
      "engines": {
        "node": ">= 10"
      }
    }
  }
}
